github.com/nfranczak/stl-bounding-box v0.0.1 h1:P6nojM/KCipSlKqeP3oNKUdmEVN1U6JJxwK8xjTHS2Q=
github.com/nfranczak/stl-bounding-box v0.0.1/go.mod h1:LdpFeVDECfgPi7NzSLlvOxYPaE5J6Lrcu7thxhbJIMo=
gonum.org/v1/gonum v0.16.0 h1:5+ul4Swaf3ESvrOnidPp4GZbzf0mxVQpDCYUQE7OJfk=
gonum.org/v1/gonum v0.16.0/go.mod h1:fef3am4MQ93R2HHpKnLk4/Tbh/s0+wqD5nfa6Pnwy4E=
